// !$*UTF8*$!
{
	archiveVersion = 1;
	classes = {
	};
	objectVersion = 56;
	objects = {

/* Begin PBXBuildFile section */
		1DF615DD2C898A670009CE57 /* NYTimesNewsApp.swift in Sources */ = {isa = PBXBuildFile; fileRef = 1DF615DC2C898A670009CE57 /* NYTimesNewsApp.swift */; };
		1DF615DF2C898A670009CE57 /* ArticlesView.swift in Sources */ = {isa = PBXBuildFile; fileRef = 1DF615DE2C898A670009CE57 /* ArticlesView.swift */; };
		1DF615E12C898A690009CE57 /* Assets.xcassets in Resources */ = {isa = PBXBuildFile; fileRef = 1DF615E02C898A690009CE57 /* Assets.xcassets */; };
		1DF615E42C898A690009CE57 /* Preview Assets.xcassets in Resources */ = {isa = PBXBuildFile; fileRef = 1DF615E32C898A690009CE57 /* Preview Assets.xcassets */; };
		1DF615EB2C898BD10009CE57 /* AtriclesViewModel.swift in Sources */ = {isa = PBXBuildFile; fileRef = 1DF615EA2C898BD10009CE57 /* AtriclesViewModel.swift */; };
		1DF615ED2C898BE80009CE57 /* ArticleCellView.swift in Sources */ = {isa = PBXBuildFile; fileRef = 1DF615EC2C898BE80009CE57 /* ArticleCellView.swift */; };
		1DF615EF2C898BFA0009CE57 /* ArticleModel.swift in Sources */ = {isa = PBXBuildFile; fileRef = 1DF615EE2C898BFA0009CE57 /* ArticleModel.swift */; };
		1DF615F22C898C180009CE57 /* NetworkService.swift in Sources */ = {isa = PBXBuildFile; fileRef = 1DF615F12C898C180009CE57 /* NetworkService.swift */; };
		1DF615F42C898C2A0009CE57 /* ArticlesRequestResponse.swift in Sources */ = {isa = PBXBuildFile; fileRef = 1DF615F32C898C2A0009CE57 /* ArticlesRequestResponse.swift */; };
		1DF615F72C898C4C0009CE57 /* Alamofire in Frameworks */ = {isa = PBXBuildFile; productRef = 1DF615F62C898C4C0009CE57 /* Alamofire */; };
		1DF615F92C898C4C0009CE57 /* AlamofireDynamic in Frameworks */ = {isa = PBXBuildFile; productRef = 1DF615F82C898C4C0009CE57 /* AlamofireDynamic */; };
/* End PBXBuildFile section */

/* Begin PBXFileReference section */
		1DF615D92C898A670009CE57 /* NYTimesNews.app */ = {isa = PBXFileReference; explicitFileType = wrapper.application; includeInIndex = 0; path = NYTimesNews.app; sourceTree = BUILT_PRODUCTS_DIR; };
		1DF615DC2C898A670009CE57 /* NYTimesNewsApp.swift */ = {isa = PBXFileReference; lastKnownFileType = sourcecode.swift; path = NYTimesNewsApp.swift; sourceTree = "<group>"; };
		1DF615DE2C898A670009CE57 /* ArticlesView.swift */ = {isa = PBXFileReference; lastKnownFileType = sourcecode.swift; path = ArticlesView.swift; sourceTree = "<group>"; };
		1DF615E02C898A690009CE57 /* Assets.xcassets */ = {isa = PBXFileReference; lastKnownFileType = folder.assetcatalog; path = Assets.xcassets; sourceTree = "<group>"; };
		1DF615E32C898A690009CE57 /* Preview Assets.xcassets */ = {isa = PBXFileReference; lastKnownFileType = folder.assetcatalog; path = "Preview Assets.xcassets"; sourceTree = "<group>"; };
		1DF615EA2C898BD10009CE57 /* AtriclesViewModel.swift */ = {isa = PBXFileReference; lastKnownFileType = sourcecode.swift; path = AtriclesViewModel.swift; sourceTree = "<group>"; };
		1DF615EC2C898BE80009CE57 /* ArticleCellView.swift */ = {isa = PBXFileReference; lastKnownFileType = sourcecode.swift; path = ArticleCellView.swift; sourceTree = "<group>"; };
		1DF615EE2C898BFA0009CE57 /* ArticleModel.swift */ = {isa = PBXFileReference; lastKnownFileType = sourcecode.swift; path = ArticleModel.swift; sourceTree = "<group>"; };
		1DF615F12C898C180009CE57 /* NetworkService.swift */ = {isa = PBXFileReference; lastKnownFileType = sourcecode.swift; path = NetworkService.swift; sourceTree = "<group>"; };
		1DF615F32C898C2A0009CE57 /* ArticlesRequestResponse.swift */ = {isa = PBXFileReference; lastKnownFileType = sourcecode.swift; path = ArticlesRequestResponse.swift; sourceTree = "<group>"; };
/* End PBXFileReference section */

/* Begin PBXFrameworksBuildPhase section */
		1DF615D62C898A670009CE57 /* Frameworks */ = {
			isa = PBXFrameworksBuildPhase;
			buildActionMask = 2147483647;
			files = (
				1DF615F72C898C4C0009CE57 /* Alamofire in Frameworks */,
				1DF615F92C898C4C0009CE57 /* AlamofireDynamic in Frameworks */,
			);
			runOnlyForDeploymentPostprocessing = 0;
		};
/* End PBXFrameworksBuildPhase section */

/* Begin PBXGroup section */
		1DF615D02C898A670009CE57 = {
			isa = PBXGroup;
			children = (
				1DF615DB2C898A670009CE57 /* NYTimesNews */,
				1DF615DA2C898A670009CE57 /* Products */,
			);
			sourceTree = "<group>";
		};
		1DF615DA2C898A670009CE57 /* Products */ = {
			isa = PBXGroup;
			children = (
				1DF615D92C898A670009CE57 /* NYTimesNews.app */,
			);
			name = Products;
			sourceTree = "<group>";
		};
		1DF615DB2C898A670009CE57 /* NYTimesNews */ = {
			isa = PBXGroup;
			children = (
				1DF615DC2C898A670009CE57 /* NYTimesNewsApp.swift */,
				1DF615F02C898BFF0009CE57 /* Services */,
				1DF615DE2C898A670009CE57 /* ArticlesView.swift */,
				1DF615EA2C898BD10009CE57 /* AtriclesViewModel.swift */,
				1DF615EC2C898BE80009CE57 /* ArticleCellView.swift */,
				1DF615EE2C898BFA0009CE57 /* ArticleModel.swift */,
				1DF615E02C898A690009CE57 /* Assets.xcassets */,
				1DF615E22C898A690009CE57 /* Preview Content */,
			);
			path = NYTimesNews;
			sourceTree = "<group>";
		};
		1DF615E22C898A690009CE57 /* Preview Content */ = {
			isa = PBXGroup;
			children = (
				1DF615E32C898A690009CE57 /* Preview Assets.xcassets */,
			);
			path = "Preview Content";
			sourceTree = "<group>";
		};
		1DF615F02C898BFF0009CE57 /* Services */ = {
			isa = PBXGroup;
			children = (
				1DF615F12C898C180009CE57 /* NetworkService.swift */,
				1DF615F32C898C2A0009CE57 /* ArticlesRequestResponse.swift */,
			);
			path = Services;
			sourceTree = "<group>";
		};
/* End PBXGroup section */

/* Begin PBXNativeTarget section */
		1DF615D82C898A670009CE57 /* NYTimesNews */ = {
			isa = PBXNativeTarget;
			buildConfigurationList = 1DF615E72C898A690009CE57 /* Build configuration list for PBXNativeTarget "NYTimesNews" */;
			buildPhases = (
				1DF615D52C898A670009CE57 /* Sources */,
				1DF615D62C898A670009CE57 /* Frameworks */,
				1DF615D72C898A670009CE57 /* Resources */,
			);
			buildRules = (
			);
			dependencies = (
			);
			name = NYTimesNews;
			packageProductDependencies = (
				1DF615F62C898C4C0009CE57 /* Alamofire */,
				1DF615F82C898C4C0009CE57 /* AlamofireDynamic */,
			);
			productName = NYTimesNews;
			productReference = 1DF615D92C898A670009CE57 /* NYTimesNews.app */;
			productType = "com.apple.product-type.application";
		};
/* End PBXNativeTarget section */

/* Begin PBXProject section */
		1DF615D12C898A670009CE57 /* Project object */ = {
			isa = PBXProject;
			attributes = {
				BuildIndependentTargetsInParallel = 1;
				LastSwiftUpdateCheck = 1500;
				LastUpgradeCheck = 1500;
				TargetAttributes = {
					1DF615D82C898A670009CE57 = {
						CreatedOnToolsVersion = 15.0.1;
					};
				};
			};
			buildConfigurationList = 1DF615D42C898A670009CE57 /* Build configuration list for PBXProject "NYTimesNews" */;
			compatibilityVersion = "Xcode 14.0";
			developmentRegion = en;
			hasScannedForEncodings = 0;
			knownRegions = (
				en,
				Base,
			);
			mainGroup = 1DF615D02C898A670009CE57;
			packageReferences = (
				1DF615F52C898C4C0009CE57 /* XCRemoteSwiftPackageReference "Alamofire" */,
			);
			productRefGroup = 1DF615DA2C898A670009CE57 /* Products */;
			projectDirPath = "";
			projectRoot = "";
			targets = (
				1DF615D82C898A670009CE57 /* NYTimesNews */,
			);
		};
/* End PBXProject section */

/* Begin PBXResourcesBuildPhase section */
		1DF615D72C898A670009CE57 /* Resources */ = {
			isa = PBXResourcesBuildPhase;
			buildActionMask = 2147483647;
			files = (
				1DF615E42C898A690009CE57 /* Preview Assets.xcassets in Resources */,
				1DF615E12C898A690009CE57 /* Assets.xcassets in Resources */,
			);
			runOnlyForDeploymentPostprocessing = 0;
		};
/* End PBXResourcesBuildPhase section */

/* Begin PBXSourcesBuildPhase section */
		1DF615D52C898A670009CE57 /* Sources */ = {
			isa = PBXSourcesBuildPhase;
			buildActionMask = 2147483647;
			files = (
				1DF615EB2C898BD10009CE57 /* AtriclesViewModel.swift in Sources */,
				1DF615EF2C898BFA0009CE57 /* ArticleModel.swift in Sources */,
				1DF615DF2C898A670009CE57 /* ArticlesView.swift in Sources */,
				1DF615DD2C898A670009CE57 /* NYTimesNewsApp.swift in Sources */,
				1DF615F42C898C2A0009CE57 /* ArticlesRequestResponse.swift in Sources */,
				1DF615F22C898C180009CE57 /* NetworkService.swift in Sources */,
				1DF615ED2C898BE80009CE57 /* ArticleCellView.swift in Sources */,
			);
			runOnlyForDeploymentPostprocessing = 0;
		};
/* End PBXSourcesBuildPhase section */

/* Begin XCBuildConfiguration section */
		1DF615E52C898A690009CE57 /* Debug */ = {
			isa = XCBuildConfiguration;
			buildSettings = {
				ALWAYS_SEARCH_USER_PATHS = NO;
				ASSETCATALOG_COMPILER_GENERATE_SWIFT_ASSET_SYMBOL_EXTENSIONS = YES;
				CLANG_ANALYZER_NONNULL = YES;
				CLANG_ANALYZER_NUMBER_OBJECT_CONVERSION = YES_AGGRESSIVE;
				CLANG_CXX_LANGUAGE_STANDARD = "gnu++20";
				CLANG_ENABLE_MODULES = YES;
				CLANG_ENABLE_OBJC_ARC = YES;
				CLANG_ENABLE_OBJC_WEAK = YES;
				CLANG_WARN_BLOCK_CAPTURE_AUTORELEASING = YES;
				CLANG_WARN_BOOL_CONVERSION = YES;
				CLANG_WARN_COMMA = YES;
				CLANG_WARN_CONSTANT_CONVERSION = YES;
				CLANG_WARN_DEPRECATED_OBJC_IMPLEMENTATIONS = YES;
				CLANG_WARN_DIRECT_OBJC_ISA_USAGE = YES_ERROR;
				CLANG_WARN_DOCUMENTATION_COMMENTS = YES;
				CLANG_WARN_EMPTY_BODY = YES;
				CLANG_WARN_ENUM_CONVERSION = YES;
				CLANG_WARN_INFINITE_RECURSION = YES;
				CLANG_WARN_INT_CONVERSION = YES;
				CLANG_WARN_NON_LITERAL_NULL_CONVERSION = YES;
				CLANG_WARN_OBJC_IMPLICIT_RETAIN_SELF = YES;
				CLANG_WARN_OBJC_LITERAL_CONVERSION = YES;
				CLANG_WARN_OBJC_ROOT_CLASS = YES_ERROR;
				CLANG_WARN_QUOTED_INCLUDE_IN_FRAMEWORK_HEADER = YES;
				CLANG_WARN_RANGE_LOOP_ANALYSIS = YES;
				CLANG_WARN_STRICT_PROTOTYPES = YES;
				CLANG_WARN_SUSPICIOUS_MOVE = YES;
				CLANG_WARN_UNGUARDED_AVAILABILITY = YES_AGGRESSIVE;
				CLANG_WARN_UNREACHABLE_CODE = YES;
				CLANG_WARN__DUPLICATE_METHOD_MATCH = YES;
				COPY_PHASE_STRIP = NO;
				DEBUG_INFORMATION_FORMAT = dwarf;
				ENABLE_STRICT_OBJC_MSGSEND = YES;
				ENABLE_TESTABILITY = YES;
				ENABLE_USER_SCRIPT_SANDBOXING = YES;
				GCC_C_LANGUAGE_STANDARD = gnu17;
				GCC_DYNAMIC_NO_PIC = NO;
				GCC_NO_COMMON_BLOCKS = YES;
				GCC_OPTIMIZATION_LEVEL = 0;
				GCC_PREPROCESSOR_DEFINITIONS = (
					"DEBUG=1",
					"$(inherited)",
				);
				GCC_WARN_64_TO_32_BIT_CONVERSION = YES;
				GCC_WARN_ABOUT_RETURN_TYPE = YES_ERROR;
				GCC_WARN_UNDECLARED_SELECTOR = YES;
				GCC_WARN_UNINITIALIZED_AUTOS = YES_AGGRESSIVE;
				GCC_WARN_UNUSED_FUNCTION = YES;
				GCC_WARN_UNUSED_VARIABLE = YES;
				IPHONEOS_DEPLOYMENT_TARGET = 17.0;
				LOCALIZATION_PREFERS_STRING_CATALOGS = YES;
				MTL_ENABLE_DEBUG_INFO = INCLUDE_SOURCE;
				MTL_FAST_MATH = YES;
				ONLY_ACTIVE_ARCH = YES;
				SDKROOT = iphoneos;
				SWIFT_ACTIVE_COMPILATION_CONDITIONS = "DEBUG $(inherited)";
				SWIFT_OPTIMIZATION_LEVEL = "-Onone";
			};
			name = Debug;
		};
		1DF615E62C898A690009CE57 /* Release */ = {
			isa = XCBuildConfiguration;
			buildSettings = {
				ALWAYS_SEARCH_USER_PATHS = NO;
				ASSETCATALOG_COMPILER_GENERATE_SWIFT_ASSET_SYMBOL_EXTENSIONS = YES;
				CLANG_ANALYZER_NONNULL = YES;
				CLANG_ANALYZER_NUMBER_OBJECT_CONVERSION = YES_AGGRESSIVE;
				CLANG_CXX_LANGUAGE_STANDARD = "gnu++20";
				CLANG_ENABLE_MODULES = YES;
				CLANG_ENABLE_OBJC_ARC = YES;
				CLANG_ENABLE_OBJC_WEAK = YES;
				CLANG_WARN_BLOCK_CAPTURE_AUTORELEASING = YES;
				CLANG_WARN_BOOL_CONVERSION = YES;
				CLANG_WARN_COMMA = YES;
				CLANG_WARN_CONSTANT_CONVERSION = YES;
				CLANG_WARN_DEPRECATED_OBJC_IMPLEMENTATIONS = YES;
				CLANG_WARN_DIRECT_OBJC_ISA_USAGE = YES_ERROR;
				CLANG_WARN_DOCUMENTATION_COMMENTS = YES;
				CLANG_WARN_EMPTY_BODY = YES;
				CLANG_WARN_ENUM_CONVERSION = YES;
				CLANG_WARN_INFINITE_RECURSION = YES;
				CLANG_WARN_INT_CONVERSION = YES;
				CLANG_WARN_NON_LITERAL_NULL_CONVERSION = YES;
				CLANG_WARN_OBJC_IMPLICIT_RETAIN_SELF = YES;
				CLANG_WARN_OBJC_LITERAL_CONVERSION = YES;
				CLANG_WARN_OBJC_ROOT_CLASS = YES_ERROR;
				CLANG_WARN_QUOTED_INCLUDE_IN_FRAMEWORK_HEADER = YES;
				CLANG_WARN_RANGE_LOOP_ANALYSIS = YES;
				CLANG_WARN_STRICT_PROTOTYPES = YES;
				CLANG_WARN_SUSPICIOUS_MOVE = YES;
				CLANG_WARN_UNGUARDED_AVAILABILITY = YES_AGGRESSIVE;
				CLANG_WARN_UNREACHABLE_CODE = YES;
				CLANG_WARN__DUPLICATE_METHOD_MATCH = YES;
				COPY_PHASE_STRIP = NO;
				DEBUG_INFORMATION_FORMAT = "dwarf-with-dsym";
				ENABLE_NS_ASSERTIONS = NO;
				ENABLE_STRICT_OBJC_MSGSEND = YES;
				ENABLE_USER_SCRIPT_SANDBOXING = YES;
				GCC_C_LANGUAGE_STANDARD = gnu17;
				GCC_NO_COMMON_BLOCKS = YES;
				GCC_WARN_64_TO_32_BIT_CONVERSION = YES;
				GCC_WARN_ABOUT_RETURN_TYPE = YES_ERROR;
				GCC_WARN_UNDECLARED_SELECTOR = YES;
				GCC_WARN_UNINITIALIZED_AUTOS = YES_AGGRESSIVE;
				GCC_WARN_UNUSED_FUNCTION = YES;
				GCC_WARN_UNUSED_VARIABLE = YES;
				IPHONEOS_DEPLOYMENT_TARGET = 17.0;
				LOCALIZATION_PREFERS_STRING_CATALOGS = YES;
				MTL_ENABLE_DEBUG_INFO = NO;
				MTL_FAST_MATH = YES;
				SDKROOT = iphoneos;
				SWIFT_COMPILATION_MODE = wholemodule;
				VALIDATE_PRODUCT = YES;
			};
			name = Release;
		};
		1DF615E82C898A690009CE57 /* Debug */ = {
			isa = XCBuildConfiguration;
			buildSettings = {
				ASSETCATALOG_COMPILER_APPICON_NAME = AppIcon;
				ASSETCATALOG_COMPILER_GLOBAL_ACCENT_COLOR_NAME = AccentColor;
				CODE_SIGN_STYLE = Automatic;
				CURRENT_PROJECT_VERSION = 1;
				DEVELOPMENT_ASSET_PATHS = "\"NYTimesNews/Preview Content\"";
				DEVELOPMENT_TEAM = CHL34W9FC3;
				ENABLE_PREVIEWS = YES;
				GENERATE_INFOPLIST_FILE = YES;
				INFOPLIST_KEY_UIApplicationSceneManifest_Generation = YES;
				INFOPLIST_KEY_UIApplicationSupportsIndirectInputEvents = YES;
				INFOPLIST_KEY_UILaunchScreen_Generation = YES;
				INFOPLIST_KEY_UISupportedInterfaceOrientations = UIInterfaceOrientationPortrait;
				INFOPLIST_KEY_UISupportedInterfaceOrientations_iPad = "UIInterfaceOrientationLandscapeLeft UIInterfaceOrientationLandscapeRight UIInterfaceOrientationPortrait UIInterfaceOrientationPortraitUpsideDown";
				IPHONEOS_DEPLOYMENT_TARGET = 15.0;
				LD_RUNPATH_SEARCH_PATHS = (
					"$(inherited)",
					"@executable_path/Frameworks",
				);
				MARKETING_VERSION = 1.0;
				PRODUCT_BUNDLE_IDENTIFIER = hello.NYTimesNews;
				PRODUCT_NAME = "$(TARGET_NAME)";
				SUPPORTED_PLATFORMS = "iphoneos iphonesimulator";
				SUPPORTS_MACCATALYST = NO;
				SUPPORTS_MAC_DESIGNED_FOR_IPHONE_IPAD = NO;
				SWIFT_EMIT_LOC_STRINGS = YES;
				SWIFT_VERSION = 5.0;
				TARGETED_DEVICE_FAMILY = 1;
			};
			name = Debug;
		};
		1DF615E92C898A690009CE57 /* Release */ = {
			isa = XCBuildConfiguration;
			buildSettings = {
				ASSETCATALOG_COMPILER_APPICON_NAME = AppIcon;
				ASSETCATALOG_COMPILER_GLOBAL_ACCENT_COLOR_NAME = AccentColor;
				CODE_SIGN_STYLE = Automatic;
				CURRENT_PROJECT_VERSION = 1;
				DEVELOPMENT_ASSET_PATHS = "\"NYTimesNews/Preview Content\"";
				DEVELOPMENT_TEAM = CHL34W9FC3;
				ENABLE_PREVIEWS = YES;
				GENERATE_INFOPLIST_FILE = YES;
				INFOPLIST_KEY_UIApplicationSceneManifest_Generation = YES;
				INFOPLIST_KEY_UIApplicationSupportsIndirectInputEvents = YES;
				INFOPLIST_KEY_UILaunchScreen_Generation = YES;
				INFOPLIST_KEY_UISupportedInterfaceOrientations = UIInterfaceOrientationPortrait;
				INFOPLIST_KEY_UISupportedInterfaceOrientations_iPad = "UIInterfaceOrientationLandscapeLeft UIInterfaceOrientationLandscapeRight UIInterfaceOrientationPortrait UIInterfaceOrientationPortraitUpsideDown";
				IPHONEOS_DEPLOYMENT_TARGET = 15.0;
				LD_RUNPATH_SEARCH_PATHS = (
					"$(inherited)",
					"@executable_path/Frameworks",
				);
				MARKETING_VERSION = 1.0;
				PRODUCT_BUNDLE_IDENTIFIER = hello.NYTimesNews;
				PRODUCT_NAME = "$(TARGET_NAME)";
				SUPPORTED_PLATFORMS = "iphoneos iphonesimulator";
				SUPPORTS_MACCATALYST = NO;
				SUPPORTS_MAC_DESIGNED_FOR_IPHONE_IPAD = NO;
				SWIFT_EMIT_LOC_STRINGS = YES;
				SWIFT_VERSION = 5.0;
				TARGETED_DEVICE_FAMILY = 1;
			};
			name = Release;
		};
/* End XCBuildConfiguration section */

/* Begin XCConfigurationList section */
		1DF615D42C898A670009CE57 /* Build configuration list for PBXProject "NYTimesNews" */ = {
			isa = XCConfigurationList;
			buildConfigurations = (
				1DF615E52C898A690009CE57 /* Debug */,
				1DF615E62C898A690009CE57 /* Release */,
			);
			defaultConfigurationIsVisible = 0;
			defaultConfigurationName = Release;
		};
		1DF615E72C898A690009CE57 /* Build configuration list for PBXNativeTarget "NYTimesNews" */ = {
			isa = XCConfigurationList;
			buildConfigurations = (
				1DF615E82C898A690009CE57 /* Debug */,
				1DF615E92C898A690009CE57 /* Release */,
			);
			defaultConfigurationIsVisible = 0;
			defaultConfigurationName = Release;
		};
/* End XCConfigurationList section */

/* Begin XCRemoteSwiftPackageReference section */
		1DF615F52C898C4C0009CE57 /* XCRemoteSwiftPackageReference "Alamofire" */ = {
			isa = XCRemoteSwiftPackageReference;
			repositoryURL = "https://github.com/Alamofire/Alamofire";
			requirement = {
				kind = upToNextMajorVersion;
				minimumVersion = 5.9.1;
			};
		};
/* End XCRemoteSwiftPackageReference section */

/* Begin XCSwiftPackageProductDependency section */
		1DF615F62C898C4C0009CE57 /* Alamofire */ = {
			isa = XCSwiftPackageProductDependency;
			package = 1DF615F52C898C4C0009CE57 /* XCRemoteSwiftPackageReference "Alamofire" */;
			productName = Alamofire;
		};
		1DF615F82C898C4C0009CE57 /* AlamofireDynamic */ = {
			isa = XCSwiftPackageProductDependency;
			package = 1DF615F52C898C4C0009CE57 /* XCRemoteSwiftPackageReference "Alamofire" */;
			productName = AlamofireDynamic;
		};
/* End XCSwiftPackageProductDependency section */
	};
	rootObject = 1DF615D12C898A670009CE57 /* Project object */;
}
